// !$*UTF8*$!
{
	archiveVersion = 1;
	classes = {
	};
	objectVersion = 46;
	objects = {

/* Begin PBXBuildFile section */
		806E1EE31D12CAA900B5E4D4 /* AppDelegate.swift in Sources */ = {isa = PBXBuildFile; fileRef = 806E1EE21D12CAA900B5E4D4 /* AppDelegate.swift */; };
		806E1EE51D12CAA900B5E4D4 /* ViewController.swift in Sources */ = {isa = PBXBuildFile; fileRef = 806E1EE41D12CAA900B5E4D4 /* ViewController.swift */; };
		806E1EE81D12CAA900B5E4D4 /* Main.storyboard in Resources */ = {isa = PBXBuildFile; fileRef = 806E1EE61D12CAA900B5E4D4 /* Main.storyboard */; };
		806E1EEA1D12CAA900B5E4D4 /* Assets.xcassets in Resources */ = {isa = PBXBuildFile; fileRef = 806E1EE91D12CAA900B5E4D4 /* Assets.xcassets */; };
		806E1EED1D12CAA900B5E4D4 /* LaunchScreen.storyboard in Resources */ = {isa = PBXBuildFile; fileRef = 806E1EEB1D12CAA900B5E4D4 /* LaunchScreen.storyboard */; };
		806E1EF51D12E8F800B5E4D4 /* btn.wav in Resources */ = {isa = PBXBuildFile; fileRef = 806E1EF41D12E8F800B5E4D4 /* btn.wav */; };
/* End PBXBuildFile section */

/* Begin PBXFileReference section */
		806E1EDF1D12CAA900B5E4D4 /* Calculator-Retro Style.app */ = {isa = PBXFileReference; explicitFileType = wrapper.application; includeInIndex = 0; path = "Calculator-Retro Style.app"; sourceTree = BUILT_PRODUCTS_DIR; };
		806E1EE21D12CAA900B5E4D4 /* AppDelegate.swift */ = {isa = PBXFileReference; lastKnownFileType = sourcecode.swift; path = AppDelegate.swift; sourceTree = "<group>"; };
		806E1EE41D12CAA900B5E4D4 /* ViewController.swift */ = {isa = PBXFileReference; lastKnownFileType = sourcecode.swift; path = ViewController.swift; sourceTree = "<group>"; };
		806E1EE71D12CAA900B5E4D4 /* Base */ = {isa = PBXFileReference; lastKnownFileType = file.storyboard; name = Base; path = Base.lproj/Main.storyboard; sourceTree = "<group>"; };
		806E1EE91D12CAA900B5E4D4 /* Assets.xcassets */ = {isa = PBXFileReference; lastKnownFileType = folder.assetcatalog; path = Assets.xcassets; sourceTree = "<group>"; };
		806E1EEC1D12CAA900B5E4D4 /* Base */ = {isa = PBXFileReference; lastKnownFileType = file.storyboard; name = Base; path = Base.lproj/LaunchScreen.storyboard; sourceTree = "<group>"; };
		806E1EEE1D12CAA900B5E4D4 /* Info.plist */ = {isa = PBXFileReference; lastKnownFileType = text.plist.xml; path = Info.plist; sourceTree = "<group>"; };
		806E1EF41D12E8F800B5E4D4 /* btn.wav */ = {isa = PBXFileReference; lastKnownFileType = audio.wav; path = btn.wav; sourceTree = "<group>"; };
/* End PBXFileReference section */

/* Begin PBXFrameworksBuildPhase section */
		806E1EDC1D12CAA900B5E4D4 /* Frameworks */ = {
			isa = PBXFrameworksBuildPhase;
			buildActionMask = 2147483647;
			files = (
			);
			runOnlyForDeploymentPostprocessing = 0;
		};
/* End PBXFrameworksBuildPhase section */

/* Begin PBXGroup section */
		806E1ED61D12CAA900B5E4D4 = {
			isa = PBXGroup;
			children = (
				806E1EE11D12CAA900B5E4D4 /* Calculator-Retro Style */,
				806E1EE01D12CAA900B5E4D4 /* Products */,
			);
			sourceTree = "<group>";
		};
		806E1EE01D12CAA900B5E4D4 /* Products */ = {
			isa = PBXGroup;
			children = (
				806E1EDF1D12CAA900B5E4D4 /* Calculator-Retro Style.app */,
			);
			name = Products;
			sourceTree = "<group>";
		};
		806E1EE11D12CAA900B5E4D4 /* Calculator-Retro Style */ = {
			isa = PBXGroup;
			children = (
				806E1EF41D12E8F800B5E4D4 /* btn.wav */,
				806E1EE21D12CAA900B5E4D4 /* AppDelegate.swift */,
				806E1EE41D12CAA900B5E4D4 /* ViewController.swift */,
				806E1EE61D12CAA900B5E4D4 /* Main.storyboard */,
				806E1EE91D12CAA900B5E4D4 /* Assets.xcassets */,
				806E1EEB1D12CAA900B5E4D4 /* LaunchScreen.storyboard */,
				806E1EEE1D12CAA900B5E4D4 /* Info.plist */,
			);
			path = "Calculator-Retro Style";
			sourceTree = "<group>";
		};
/* End PBXGroup section */

/* Begin PBXNativeTarget section */
		806E1EDE1D12CAA900B5E4D4 /* Calculator-Retro Style */ = {
			isa = PBXNativeTarget;
			buildConfigurationList = 806E1EF11D12CAA900B5E4D4 /* Build configuration list for PBXNativeTarget "Calculator-Retro Style" */;
			buildPhases = (
				806E1EDB1D12CAA900B5E4D4 /* Sources */,
				806E1EDC1D12CAA900B5E4D4 /* Frameworks */,
				806E1EDD1D12CAA900B5E4D4 /* Resources */,
			);
			buildRules = (
			);
			dependencies = (
			);
			name = "Calculator-Retro Style";
			productName = "Calculator-Retro Style";
			productReference = 806E1EDF1D12CAA900B5E4D4 /* Calculator-Retro Style.app */;
			productType = "com.apple.product-type.application";
		};
/* End PBXNativeTarget section */

/* Begin PBXProject section */
		806E1ED71D12CAA900B5E4D4 /* Project object */ = {
			isa = PBXProject;
			attributes = {
				LastSwiftUpdateCheck = 0730;
				LastUpgradeCheck = 0730;
				ORGANIZATIONNAME = "Sharon's Mac";
				TargetAttributes = {
					806E1EDE1D12CAA900B5E4D4 = {
						CreatedOnToolsVersion = 7.3.1;
					};
				};
			};
			buildConfigurationList = 806E1EDA1D12CAA900B5E4D4 /* Build configuration list for PBXProject "Calculator-Retro Style" */;
			compatibilityVersion = "Xcode 3.2";
			developmentRegion = English;
			hasScannedForEncodings = 0;
			knownRegions = (
				en,
				Base,
			);
			mainGroup = 806E1ED61D12CAA900B5E4D4;
			productRefGroup = 806E1EE01D12CAA900B5E4D4 /* Products */;
			projectDirPath = "";
			projectRoot = "";
			targets = (
				806E1EDE1D12CAA900B5E4D4 /* Calculator-Retro Style */,
			);
		};
/* End PBXProject section */

/* Begin PBXResourcesBuildPhase section */
		806E1EDD1D12CAA900B5E4D4 /* Resources */ = {
			isa = PBXResourcesBuildPhase;
			buildActionMask = 2147483647;
			files = (
				806E1EED1D12CAA900B5E4D4 /* LaunchScreen.storyboard in Resources */,
				806E1EEA1D12CAA900B5E4D4 /* Assets.xcassets in Resources */,
				806E1EE81D12CAA900B5E4D4 /* Main.storyboard in Resources */,
				806E1EF51D12E8F800B5E4D4 /* btn.wav in Resources */,
			);
			runOnlyForDeploymentPostprocessing = 0;
		};
/* End PBXResourcesBuildPhase section */

/* Begin PBXSourcesBuildPhase section */
		806E1EDB1D12CAA900B5E4D4 /* Sources */ = {
			isa = PBXSourcesBuildPhase;
			buildActionMask = 2147483647;
			files = (
				806E1EE51D12CAA900B5E4D4 /* ViewController.swift in Sources */,
				806E1EE31D12CAA900B5E4D4 /* AppDelegate.swift in Sources */,
			);
			runOnlyForDeploymentPostprocessing = 0;
		};
/* End PBXSourcesBuildPhase section */

/* Begin PBXVariantGroup section */
		806E1EE61D12CAA900B5E4D4 /* Main.storyboard */ = {
			isa = PBXVariantGroup;
			children = (
				806E1EE71D12CAA900B5E4D4 /* Base */,
			);
			name = Main.storyboard;
			sourceTree = "<group>";
		};
		806E1EEB1D12CAA900B5E4D4 /* LaunchScreen.storyboard */ = {
			isa = PBXVariantGroup;
			children = (
				806E1EEC1D12CAA900B5E4D4 /* Base */,
			);
			name = LaunchScreen.storyboard;
			sourceTree = "<group>";
		};
/* End PBXVariantGroup section */

/* Begin XCBuildConfiguration section */
		806E1EEF1D12CAA900B5E4D4 /* Debug */ = {
			isa = XCBuildConfiguration;
			buildSettings = {
				ALWAYS_SEARCH_USER_PATHS = NO;
				CLANG_ANALYZER_NONNULL = YES;
				CLANG_CXX_LANGUAGE_STANDARD = "gnu++0x";
				CLANG_CXX_LIBRARY = "libc++";
				CLANG_ENABLE_MODULES = YES;
				CLANG_ENABLE_OBJC_ARC = YES;
				CLANG_WARN_BOOL_CONVERSION = YES;
				CLANG_WARN_CONSTANT_CONVERSION = YES;
				CLANG_WARN_DIRECT_OBJC_ISA_USAGE = YES_ERROR;
				CLANG_WARN_EMPTY_BODY = YES;
				CLANG_WARN_ENUM_CONVERSION = YES;
				CLANG_WARN_INT_CONVERSION = YES;
				CLANG_WARN_OBJC_ROOT_CLASS = YES_ERROR;
				CLANG_WARN_UNREACHABLE_CODE = YES;
				CLANG_WARN__DUPLICATE_METHOD_MATCH = YES;
				"CODE_SIGN_IDENTITY[sdk=iphoneos*]" = "iPhone Developer";
				COPY_PHASE_STRIP = NO;
				DEBUG_INFORMATION_FORMAT = dwarf;
				ENABLE_STRICT_OBJC_MSGSEND = YES;
				ENABLE_TESTABILITY = YES;
				GCC_C_LANGUAGE_STANDARD = gnu99;
				GCC_DYNAMIC_NO_PIC = NO;
				GCC_NO_COMMON_BLOCKS = YES;
				GCC_OPTIMIZATION_LEVEL = 0;
				GCC_PREPROCESSOR_DEFINITIONS = (
					"DEBUG=1",
					"$(inherited)",
				);
				GCC_WARN_64_TO_32_BIT_CONVERSION = YES;
				GCC_WARN_ABOUT_RETURN_TYPE = YES_ERROR;
				GCC_WARN_UNDECLARED_SELECTOR = YES;
				GCC_WARN_UNINITIALIZED_AUTOS = YES_AGGRESSIVE;
				GCC_WARN_UNUSED_FUNCTION = YES;
				GCC_WARN_UNUSED_VARIABLE = YES;
				IPHONEOS_DEPLOYMENT_TARGET = 9.3;
				MTL_ENABLE_DEBUG_INFO = YES;
				ONLY_ACTIVE_ARCH = YES;
				SDKROOT = iphoneos;
				SWIFT_OPTIMIZATION_LEVEL = "-Onone";
			};
			name = Debug;
		};
		806E1EF01D12CAA900B5E4D4 /* Release */ = {
			isa = XCBuildConfiguration;
			buildSettings = {
				ALWAYS_SEARCH_USER_PATHS = NO;
				CLANG_ANALYZER_NONNULL = YES;
				CLANG_CXX_LANGUAGE_STANDARD = "gnu++0x";
				CLANG_CXX_LIBRARY = "libc++";
				CLANG_ENABLE_MODULES = YES;
				CLANG_ENABLE_OBJC_ARC = YES;
				CLANG_WARN_BOOL_CONVERSION = YES;
				CLANG_WARN_CONSTANT_CONVERSION = YES;
				CLANG_WARN_DIRECT_OBJC_ISA_USAGE = YES_ERROR;
				CLANG_WARN_EMPTY_BODY = YES;
				CLANG_WARN_ENUM_CONVERSION = YES;
				CLANG_WARN_INT_CONVERSION = YES;
				CLANG_WARN_OBJC_ROOT_CLASS = YES_ERROR;
				CLANG_WARN_UNREACHABLE_CODE = YES;
				CLANG_WARN__DUPLICATE_METHOD_MATCH = YES;
				"CODE_SIGN_IDENTITY[sdk=iphoneos*]" = "iPhone Developer";
				COPY_PHASE_STRIP = NO;
				DEBUG_INFORMATION_FORMAT = "dwarf-with-dsym";
				ENABLE_NS_ASSERTIONS = NO;
				ENABLE_STRICT_OBJC_MSGSEND = YES;
				GCC_C_LANGUAGE_STANDARD = gnu99;
				GCC_NO_COMMON_BLOCKS = YES;
				GCC_WARN_64_TO_32_BIT_CONVERSION = YES;
				GCC_WARN_ABOUT_RETURN_TYPE = YES_ERROR;
				GCC_WARN_UNDECLARED_SELECTOR = YES;
				GCC_WARN_UNINITIALIZED_AUTOS = YES_AGGRESSIVE;
				GCC_WARN_UNUSED_FUNCTION = YES;
				GCC_WARN_UNUSED_VARIABLE = YES;
				IPHONEOS_DEPLOYMENT_TARGET = 9.3;
				MTL_ENABLE_DEBUG_INFO = NO;
				SDKROOT = iphoneos;
				VALIDATE_PRODUCT = YES;
			};
			name = Release;
		};
		806E1EF21D12CAA900B5E4D4 /* Debug */ = {
			isa = XCBuildConfiguration;
			buildSettings = {
				ASSETCATALOG_COMPILER_APPICON_NAME = AppIcon;
				INFOPLIST_FILE = "Calculator-Retro Style/Info.plist";
				LD_RUNPATH_SEARCH_PATHS = "$(inherited) @executable_path/Frameworks";
				PRODUCT_BUNDLE_IDENTIFIER = "com.sharonmcdermott.Calculator-Retro-Style";
				PRODUCT_NAME = "$(TARGET_NAME)";
				TARGETED_DEVICE_FAMILY = "1,2";
			};
			name = Debug;
		};
		806E1EF31D12CAA900B5E4D4 /* Release */ = {
			isa = XCBuildConfiguration;
			buildSettings = {
				ASSETCATALOG_COMPILER_APPICON_NAME = AppIcon;
				INFOPLIST_FILE = "Calculator-Retro Style/Info.plist";
				LD_RUNPATH_SEARCH_PATHS = "$(inherited) @executable_path/Frameworks";
				PRODUCT_BUNDLE_IDENTIFIER = "com.sharonmcdermott.Calculator-Retro-Style";
				PRODUCT_NAME = "$(TARGET_NAME)";
				TARGETED_DEVICE_FAMILY = "1,2";
			};
			name = Release;
		};
/* End XCBuildConfiguration section */

/* Begin XCConfigurationList section */
		806E1EDA1D12CAA900B5E4D4 /* Build configuration list for PBXProject "Calculator-Retro Style" */ = {
			isa = XCConfigurationList;
			buildConfigurations = (
				806E1EEF1D12CAA900B5E4D4 /* Debug */,
				806E1EF01D12CAA900B5E4D4 /* Release */,
			);
			defaultConfigurationIsVisible = 0;
			defaultConfigurationName = Release;
		};
		806E1EF11D12CAA900B5E4D4 /* Build configuration list for PBXNativeTarget "Calculator-Retro Style" */ = {
			isa = XCConfigurationList;
			buildConfigurations = (
				806E1EF21D12CAA900B5E4D4 /* Debug */,
				806E1EF31D12CAA900B5E4D4 /* Release */,
			);
			defaultConfigurationIsVisible = 0;
			defaultConfigurationName = Release;
		};
/* End XCConfigurationList section */
	};
	rootObject = 806E1ED71D12CAA900B5E4D4 /* Project object */;
}
